
Microsoft Visual Studio Solution File, Format Version 12.00
# Visual Studio Version 17
VisualStudioVersion = 17.5.002.0
MinimumVisualStudioVersion = 10.0.40219.1
Project("{9A19103F-16F7-4668-BE54-9A1E7A4F7556}") = "MvcMovie", "MvcMovie.csproj", "{FCC593CF-2B19-42AA-99F1-A1517168CBA8}"
EndProject
Global
	GlobalSection(SolutionConfigurationPlatforms) = preSolution
		Debug|Any CPU = Debug|Any CPU
		Release|Any CPU = Release|Any CPU
	EndGlobalSection
	GlobalSection(ProjectConfigurationPlatforms) = postSolution
		{FCC593CF-2B19-42AA-99F1-A1517168CBA8}.Debug|Any CPU.ActiveCfg = Debug|Any CPU
		{FCC593CF-2B19-42AA-99F1-A1517168CBA8}.Debug|Any CPU.Build.0 = Debug|Any CPU
		{FCC593CF-2B19-42AA-99F1-A1517168CBA8}.Release|Any CPU.ActiveCfg = Release|Any CPU
		{FCC593CF-2B19-42AA-99F1-A1517168CBA8}.Release|Any CPU.Build.0 = Release|Any CPU
	EndGlobalSection
	GlobalSection(SolutionProperties) = preSolution
		HideSolutionNode = FALSE
	EndGlobalSection
	GlobalSection(ExtensibilityGlobals) = postSolution
		SolutionGuid = {25A4AADE-F4A7-4394-BE54-7CE138653FD2}
	EndGlobalSection
EndGlobal
